{
  "name": "loanagent-lab",
  "version": "0.1.0",
  "lockfileVersion": 3,
  "requires": true,
  "packages": {
    "": {
      "name": "loanagent-lab",
      "version": "0.1.0",
      "license": "MIT",
      "bin": {
        "loanagent-lab": "bin/loanagent-lab.js"
      },
      "engines": {
        "node": ">=20"
      }
    }
  }
}
